{
	"name": "huebot",
	"version": "0.0.1",
	"lockfileVersion": 1,
	"requires": true,
	"dependencies": {
		"@sindresorhus/is": {
			"version": "4.0.0",
			"resolved": "https://registry.npmjs.org/@sindresorhus/is/-/is-4.0.0.tgz",
			"integrity": "sha512-FyD2meJpDPjyNQejSjvnhpgI/azsQkA4lGbuu5BQZfjvJ9cbRZXzeWL2HceCekW4lixO9JPesIIQkSoLjeJHNQ=="
		},
		"@szmarczak/http-timer": {
			"version": "4.0.5",
			"resolved": "https://registry.npmjs.org/@szmarczak/http-timer/-/http-timer-4.0.5.tgz",
			"integrity": "sha512-PyRA9sm1Yayuj5OIoJ1hGt2YISX45w9WcFbh6ddT0Z/0yaFxOtGLInr4jUfU1EAFVs0Yfyfev4RNwBlUaHdlDQ==",
			"requires": {
				"defer-to-connect": "^2.0.0"
			}
		},
		"@types/cacheable-request": {
			"version": "6.0.1",
			"resolved": "https://registry.npmjs.org/@types/cacheable-request/-/cacheable-request-6.0.1.tgz",
			"integrity": "sha512-ykFq2zmBGOCbpIXtoVbz4SKY5QriWPh3AjyU4G74RYbtt5yOc5OfaY75ftjg7mikMOla1CTGpX3lLbuJh8DTrQ==",
			"requires": {
				"@types/http-cache-semantics": "*",
				"@types/keyv": "*",
				"@types/node": "*",
				"@types/responselike": "*"
			}
		},
		"@types/http-cache-semantics": {
			"version": "4.0.0",
			"resolved": "https://registry.npmjs.org/@types/http-cache-semantics/-/http-cache-semantics-4.0.0.tgz",
			"integrity": "sha512-c3Xy026kOF7QOTn00hbIllV1dLR9hG9NkSrLQgCVs8NF6sBU+VGWjD3wLPhmh1TYAc7ugCFsvHYMN4VcBN1U1A=="
		},
		"@types/keyv": {
			"version": "3.1.1",
			"resolved": "https://registry.npmjs.org/@types/keyv/-/keyv-3.1.1.tgz",
			"integrity": "sha512-MPtoySlAZQ37VoLaPcTHCu1RWJ4llDkULYZIzOYxlhxBqYPB0RsRlmMU0R6tahtFe27mIdkHV+551ZWV4PLmVw==",
			"requires": {
				"@types/node": "*"
			}
		},
		"@types/node": {
			"version": "14.14.32",
			"resolved": "https://registry.npmjs.org/@types/node/-/node-14.14.32.tgz",
			"integrity": "sha512-/Ctrftx/zp4m8JOujM5ZhwzlWLx22nbQJiVqz8/zE15gOeEW+uly3FSX4fGFpcfEvFzXcMCJwq9lGVWgyARXhg=="
		},
		"@types/responselike": {
			"version": "1.0.0",
			"resolved": "https://registry.npmjs.org/@types/responselike/-/responselike-1.0.0.tgz",
			"integrity": "sha512-85Y2BjiufFzaMIlvJDvTTB8Fxl2xfLo4HgmHzVBz08w4wDePCTjYw66PdrolO0kzli3yam/YCgRufyo1DdQVTA==",
			"requires": {
				"@types/node": "*"
			}
		},
		"accepts": {
			"version": "1.3.7",
			"resolved": "https://registry.npmjs.org/accepts/-/accepts-1.3.7.tgz",
			"integrity": "sha512-Il80Qs2WjYlJIBNzNkK6KYqlVMTbZLXgHx2oT0pU/fjRHyEp+PEfEPY0R3WCwAGVOtauxh1hOxNgIf5bv7dQpA==",
			"requires": {
				"mime-types": "~2.1.24",
				"negotiator": "0.6.2"
			}
		},
		"after": {
			"version": "0.8.2",
			"resolved": "https://registry.npmjs.org/after/-/after-0.8.2.tgz",
			"integrity": "sha1-/ts5T58OAqqXaOcCvaI7UF+ufh8="
		},
		"apparatus": {
			"version": "0.0.10",
			"resolved": "https://registry.npmjs.org/apparatus/-/apparatus-0.0.10.tgz",
			"integrity": "sha512-KLy/ugo33KZA7nugtQ7O0E1c8kQ52N3IvD/XgIh4w/Nr28ypfkwDfA67F1ev4N1m5D+BOk1+b2dEJDfpj/VvZg==",
			"requires": {
				"sylvester": ">= 0.0.8"
			}
		},
		"array-flatten": {
			"version": "1.1.1",
			"resolved": "https://registry.npmjs.org/array-flatten/-/array-flatten-1.1.1.tgz",
			"integrity": "sha1-ml9pkFGx5wczKPKgCJaLZOopVdI="
		},
		"arraybuffer.slice": {
			"version": "0.0.7",
			"resolved": "https://registry.npmjs.org/arraybuffer.slice/-/arraybuffer.slice-0.0.7.tgz",
			"integrity": "sha1-O7xCdd1YTMGxCAm4nU6LY6aednU="
		},
		"articles": {
			"version": "0.2.2",
			"resolved": "https://registry.npmjs.org/articles/-/articles-0.2.2.tgz",
			"integrity": "sha512-S3Y4MPp+LD/l0HHm/4yrr6MoXhUkKT98ZdsV2tkTuBNywqUXEtvJT+NBO3KTSQEttc5EOwEJe2Xw8cZ9TI5Hrw=="
		},
		"async-limiter": {
			"version": "1.0.0",
			"resolved": "https://registry.npmjs.org/async-limiter/-/async-limiter-1.0.0.tgz",
			"integrity": "sha1-ePrtjD0HSrgfIrTphdeehzj3IPg="
		},
		"asynckit": {
			"version": "0.4.0",
			"resolved": "https://registry.npmjs.org/asynckit/-/asynckit-0.4.0.tgz",
			"integrity": "sha1-x57Zf380y48robyXkLzDZkdLS3k="
		},
		"backo2": {
			"version": "1.0.2",
			"resolved": "https://registry.npmjs.org/backo2/-/backo2-1.0.2.tgz",
			"integrity": "sha1-MasayLEpNjRj41s+u2n038+6eUc="
		},
		"balanced-match": {
			"version": "1.0.0",
			"resolved": "https://registry.npmjs.org/balanced-match/-/balanced-match-1.0.0.tgz",
			"integrity": "sha1-ibTRmasr7kneFk6gK4nORi1xt2c="
		},
		"base64-arraybuffer": {
			"version": "0.1.5",
			"resolved": "https://registry.npmjs.org/base64-arraybuffer/-/base64-arraybuffer-0.1.5.tgz",
			"integrity": "sha1-c5JncZI7Whl0etZmqlzUv5xunOg="
		},
		"better-assert": {
			"version": "1.0.2",
			"resolved": "https://registry.npmjs.org/better-assert/-/better-assert-1.0.2.tgz",
			"integrity": "sha1-QIZrnhueC1W0gYlDEeaPr/rrxSI=",
			"requires": {
				"callsite": "1.0.0"
			}
		},
		"blob": {
			"version": "0.0.4",
			"resolved": "https://registry.npmjs.org/blob/-/blob-0.0.4.tgz",
			"integrity": "sha1-vPEwUspURj8w+fx+lbmkdjCpSSE="
		},
		"body-parser": {
			"version": "1.19.0",
			"resolved": "https://registry.npmjs.org/body-parser/-/body-parser-1.19.0.tgz",
			"integrity": "sha512-dhEPs72UPbDnAQJ9ZKMNTP6ptJaionhP5cBb541nXPlW60Jepo9RV/a4fX4XWW9CuFNK22krhrj1+rgzifNCsw==",
			"requires": {
				"bytes": "3.1.0",
				"content-type": "~1.0.4",
				"debug": "2.6.9",
				"depd": "~1.1.2",
				"http-errors": "1.7.2",
				"iconv-lite": "0.4.24",
				"on-finished": "~2.3.0",
				"qs": "6.7.0",
				"raw-body": "2.4.0",
				"type-is": "~1.6.17"
			}
		},
		"brace-expansion": {
			"version": "1.1.11",
			"resolved": "https://registry.npmjs.org/brace-expansion/-/brace-expansion-1.1.11.tgz",
			"integrity": "sha512-iCuPHDFgrHX7H2vEI/5xpz07zSHB00TpugqhmYtVmMO6518mCuRMoOYFldEBl0g187ufozdaHgWKcYFb61qGiA==",
			"requires": {
				"balanced-match": "^1.0.0",
				"concat-map": "0.0.1"
			}
		},
		"bytes": {
			"version": "3.1.0",
			"resolved": "https://registry.npmjs.org/bytes/-/bytes-3.1.0.tgz",
			"integrity": "sha512-zauLjrfCG+xvoyaqLoV8bLVXXNGC4JqlxFCutSDWA6fJrTo2ZuvLYTqZ7aHBLZSMOopbzwv8f+wZcVzfVTI2Dg=="
		},
		"cacheable-lookup": {
			"version": "5.0.4",
			"resolved": "https://registry.npmjs.org/cacheable-lookup/-/cacheable-lookup-5.0.4.tgz",
			"integrity": "sha512-2/kNscPhpcxrOigMZzbiWF7dz8ilhb/nIHU3EyZiXWXpeq/au8qJ8VhdftMkty3n7Gj6HIGalQG8oiBNB3AJgA=="
		},
		"cacheable-request": {
			"version": "7.0.1",
			"resolved": "https://registry.npmjs.org/cacheable-request/-/cacheable-request-7.0.1.tgz",
			"integrity": "sha512-lt0mJ6YAnsrBErpTMWeu5kl/tg9xMAWjavYTN6VQXM1A/teBITuNcccXsCxF0tDQQJf9DfAaX5O4e0zp0KlfZw==",
			"requires": {
				"clone-response": "^1.0.2",
				"get-stream": "^5.1.0",
				"http-cache-semantics": "^4.0.0",
				"keyv": "^4.0.0",
				"lowercase-keys": "^2.0.0",
				"normalize-url": "^4.1.0",
				"responselike": "^2.0.0"
			}
		},
		"callsite": {
			"version": "1.0.0",
			"resolved": "https://registry.npmjs.org/callsite/-/callsite-1.0.0.tgz",
			"integrity": "sha1-KAOY5dZkvXQDi28JBRU+borxvCA="
		},
		"clamp": {
			"version": "1.0.1",
			"resolved": "https://registry.npmjs.org/clamp/-/clamp-1.0.1.tgz",
			"integrity": "sha1-ZqDmQBGBbjcZaCj9yMjBRzEshjQ="
		},
		"clone-response": {
			"version": "1.0.2",
			"resolved": "https://registry.npmjs.org/clone-response/-/clone-response-1.0.2.tgz",
			"integrity": "sha1-0dyXOSAxTfZ/vrlCI7TuNQI56Ws=",
			"requires": {
				"mimic-response": "^1.0.0"
			}
		},
		"combined-stream": {
			"version": "1.0.8",
			"resolved": "https://registry.npmjs.org/combined-stream/-/combined-stream-1.0.8.tgz",
			"integrity": "sha512-FQN4MRfuJeHf7cBbBMJFXhKSDq+2kAArBlmRBvcvFE5BB1HZKXtSFASDhdlz9zOYwxh8lDdnvmMOe/+5cdoEdg==",
			"requires": {
				"delayed-stream": "~1.0.0"
			}
		},
		"commander": {
			"version": "2.20.3",
			"resolved": "https://registry.npmjs.org/commander/-/commander-2.20.3.tgz",
			"integrity": "sha512-GpVkmM8vF2vQUkj2LvZmD35JxeJOLCwJ9cUkugyk2nuhbv3+mJvpLYYt+0+USMxE+oj+ey/lJEnhZw75x/OMcQ=="
		},
		"complex.js": {
			"version": "2.0.12",
			"resolved": "https://registry.npmjs.org/complex.js/-/complex.js-2.0.12.tgz",
			"integrity": "sha512-oQX99fwL6LrTVg82gDY1dIWXy6qZRnRL35N+YhIX0N7tSwsa0KFy6IEMHTNuCW4mP7FS7MEqZ/2I/afzYwPldw=="
		},
		"component-bind": {
			"version": "1.0.0",
			"resolved": "https://registry.npmjs.org/component-bind/-/component-bind-1.0.0.tgz",
			"integrity": "sha1-AMYIq33Nk4l8AAllGx06jh5zu9E="
		},
		"component-emitter": {
			"version": "1.2.1",
			"resolved": "https://registry.npmjs.org/component-emitter/-/component-emitter-1.2.1.tgz",
			"integrity": "sha1-E3kY1teCg/ffemt8WmPhQOaUJeY="
		},
		"component-inherit": {
			"version": "0.0.3",
			"resolved": "https://registry.npmjs.org/component-inherit/-/component-inherit-0.0.3.tgz",
			"integrity": "sha1-ZF/ErfWLcrZJ1crmUTVhnbJv8UM="
		},
		"concat-map": {
			"version": "0.0.1",
			"resolved": "https://registry.npmjs.org/concat-map/-/concat-map-0.0.1.tgz",
			"integrity": "sha1-2Klr13/Wjfd5OnMDajug1UBdR3s="
		},
		"content-disposition": {
			"version": "0.5.3",
			"resolved": "https://registry.npmjs.org/content-disposition/-/content-disposition-0.5.3.tgz",
			"integrity": "sha512-ExO0774ikEObIAEV9kDo50o+79VCUdEB6n6lzKgGwupcVeRlhrj3qGAfwq8G6uBJjkqLrhT0qEYFcWng8z1z0g==",
			"requires": {
				"safe-buffer": "5.1.2"
			},
			"dependencies": {
				"safe-buffer": {
					"version": "5.1.2",
					"resolved": "https://registry.npmjs.org/safe-buffer/-/safe-buffer-5.1.2.tgz",
					"integrity": "sha512-Gd2UZBJDkXlY7GbJxfsE8/nvKkUEU1G38c1siN6QP6a9PT9MmHB8GnpscSmMJSoF8LOIrt8ud/wPtojys4G6+g=="
				}
			}
		},
		"content-type": {
			"version": "1.0.4",
			"resolved": "https://registry.npmjs.org/content-type/-/content-type-1.0.4.tgz",
			"integrity": "sha512-hIP3EEPs8tB9AT1L+NUqtwOAps4mk2Zob89MWXMHjHWg9milF/j4osnnQLXBCBFBk/tvIG/tUc9mOUJiPBhPXA=="
		},
		"cookie": {
			"version": "0.4.0",
			"resolved": "https://registry.npmjs.org/cookie/-/cookie-0.4.0.tgz",
			"integrity": "sha512-+Hp8fLp57wnUSt0tY0tHEXh4voZRDnoIrZPqlo3DPiI4y9lwg/jqx+1Om94/W6ZaPDOUbnjOt/99w66zk+l1Xg=="
		},
		"cookie-signature": {
			"version": "1.0.6",
			"resolved": "https://registry.npmjs.org/cookie-signature/-/cookie-signature-1.0.6.tgz",
			"integrity": "sha1-4wOogrNCzD7oylE6eZmXNNqzriw="
		},
		"debug": {
			"version": "2.6.9",
			"resolved": "https://registry.npmjs.org/debug/-/debug-2.6.9.tgz",
			"integrity": "sha1-XRKFFd8TT/Mn6QpMk/Tgd6U2NB8=",
			"requires": {
				"ms": "2.0.0"
			}
		},
		"decimal.js": {
			"version": "10.2.1",
			"resolved": "https://registry.npmjs.org/decimal.js/-/decimal.js-10.2.1.tgz",
			"integrity": "sha512-KaL7+6Fw6i5A2XSnsbhm/6B+NuEA7TZ4vqxnd5tXz9sbKtrN9Srj8ab4vKVdK8YAqZO9P1kg45Y6YLoduPf+kw=="
		},
		"decompress-response": {
			"version": "6.0.0",
			"resolved": "https://registry.npmjs.org/decompress-response/-/decompress-response-6.0.0.tgz",
			"integrity": "sha512-aW35yZM6Bb/4oJlZncMH2LCoZtJXTRxES17vE3hoRiowU2kWHaJKFkSBDnDR+cm9J+9QhXmREyIfv0pji9ejCQ==",
			"requires": {
				"mimic-response": "^3.1.0"
			},
			"dependencies": {
				"mimic-response": {
					"version": "3.1.0",
					"resolved": "https://registry.npmjs.org/mimic-response/-/mimic-response-3.1.0.tgz",
					"integrity": "sha512-z0yWI+4FDrrweS8Zmt4Ej5HdJmky15+L2e6Wgn3+iK5fWzb6T3fhNFq2+MeTRb064c6Wr4N/wv0DzQTjNzHNGQ=="
				}
			}
		},
		"defer-to-connect": {
			"version": "2.0.1",
			"resolved": "https://registry.npmjs.org/defer-to-connect/-/defer-to-connect-2.0.1.tgz",
			"integrity": "sha512-4tvttepXG1VaYGrRibk5EwJd1t4udunSOVMdLSAL6mId1ix438oPwPZMALY41FCijukO1L0twNcGsdzS7dHgDg=="
		},
		"delayed-stream": {
			"version": "1.0.0",
			"resolved": "https://registry.npmjs.org/delayed-stream/-/delayed-stream-1.0.0.tgz",
			"integrity": "sha1-3zrhmayt+31ECqrgsp4icrJOxhk="
		},
		"depd": {
			"version": "1.1.2",
			"resolved": "https://registry.npmjs.org/depd/-/depd-1.1.2.tgz",
			"integrity": "sha1-m81S4UwJd2PnSbJ0xDRu0uVgtak="
		},
		"destroy": {
			"version": "1.0.4",
			"resolved": "https://registry.npmjs.org/destroy/-/destroy-1.0.4.tgz",
			"integrity": "sha1-l4hXRCxEdJ5CBmE+N5RiBYJqvYA="
		},
		"ee-first": {
			"version": "1.1.1",
			"resolved": "https://registry.npmjs.org/ee-first/-/ee-first-1.1.1.tgz",
			"integrity": "sha1-WQxhFWsK4vTwJVcyoViyZrxWsh0="
		},
		"encodeurl": {
			"version": "1.0.2",
			"resolved": "https://registry.npmjs.org/encodeurl/-/encodeurl-1.0.2.tgz",
			"integrity": "sha1-rT/0yG7C0CkyL1oCw6mmBslbP1k="
		},
		"end-of-stream": {
			"version": "1.4.4",
			"resolved": "https://registry.npmjs.org/end-of-stream/-/end-of-stream-1.4.4.tgz",
			"integrity": "sha512-+uw1inIHVPQoaVuHzRyXd21icM+cnt4CzD5rW+NC1wjOUSTOs+Te7FOv7AhN7vS9x/oIyhLP5PR1H+phQAHu5Q==",
			"requires": {
				"once": "^1.4.0"
			}
		},
		"engine.io-client": {
			"version": "3.1.4",
			"resolved": "https://registry.npmjs.org/engine.io-client/-/engine.io-client-3.1.4.tgz",
			"integrity": "sha1-T88TcLRxY70s6b4nM5ckMDUNTqE=",
			"requires": {
				"component-emitter": "1.2.1",
				"component-inherit": "0.0.3",
				"debug": "~2.6.9",
				"engine.io-parser": "~2.1.1",
				"has-cors": "1.1.0",
				"indexof": "0.0.1",
				"parseqs": "0.0.5",
				"parseuri": "0.0.5",
				"ws": "~3.3.1",
				"xmlhttprequest-ssl": "~1.5.4",
				"yeast": "0.1.2"
			}
		},
		"engine.io-parser": {
			"version": "2.1.2",
			"resolved": "https://registry.npmjs.org/engine.io-parser/-/engine.io-parser-2.1.2.tgz",
			"integrity": "sha1-TA9M/3mq7su9z96maoI8YIVAkZY=",
			"requires": {
				"after": "0.8.2",
				"arraybuffer.slice": "~0.0.7",
				"base64-arraybuffer": "0.1.5",
				"blob": "0.0.4",
				"has-binary2": "~1.0.2"
			}
		},
		"escape-html": {
			"version": "1.0.3",
			"resolved": "https://registry.npmjs.org/escape-html/-/escape-html-1.0.3.tgz",
			"integrity": "sha1-Aljq5NPQwJdN4cFpGI7wBR0dGYg="
		},
		"escape-latex": {
			"version": "1.2.0",
			"resolved": "https://registry.npmjs.org/escape-latex/-/escape-latex-1.2.0.tgz",
			"integrity": "sha512-nV5aVWW1K0wEiUIEdZ4erkGGH8mDxGyxSeqPzRNtWP7ataw+/olFObw7hujFWlVjNsaDFw5VZ5NzVSIqRgfTiw=="
		},
		"etag": {
			"version": "1.8.1",
			"resolved": "https://registry.npmjs.org/etag/-/etag-1.8.1.tgz",
			"integrity": "sha1-Qa4u62XvpiJorr/qg6x9eSmbCIc="
		},
		"express": {
			"version": "4.17.1",
			"resolved": "https://registry.npmjs.org/express/-/express-4.17.1.tgz",
			"integrity": "sha512-mHJ9O79RqluphRrcw2X/GTh3k9tVv8YcoyY4Kkh4WDMUYKRZUq0h1o0w2rrrxBqM7VoeUVqgb27xlEMXTnYt4g==",
			"requires": {
				"accepts": "~1.3.7",
				"array-flatten": "1.1.1",
				"body-parser": "1.19.0",
				"content-disposition": "0.5.3",
				"content-type": "~1.0.4",
				"cookie": "0.4.0",
				"cookie-signature": "1.0.6",
				"debug": "2.6.9",
				"depd": "~1.1.2",
				"encodeurl": "~1.0.2",
				"escape-html": "~1.0.3",
				"etag": "~1.8.1",
				"finalhandler": "~1.1.2",
				"fresh": "0.5.2",
				"merge-descriptors": "1.0.1",
				"methods": "~1.1.2",
				"on-finished": "~2.3.0",
				"parseurl": "~1.3.3",
				"path-to-regexp": "0.1.7",
				"proxy-addr": "~2.0.5",
				"qs": "6.7.0",
				"range-parser": "~1.2.1",
				"safe-buffer": "5.1.2",
				"send": "0.17.1",
				"serve-static": "1.14.1",
				"setprototypeof": "1.1.1",
				"statuses": "~1.5.0",
				"type-is": "~1.6.18",
				"utils-merge": "1.0.1",
				"vary": "~1.1.2"
			},
			"dependencies": {
				"safe-buffer": {
					"version": "5.1.2",
					"resolved": "https://registry.npmjs.org/safe-buffer/-/safe-buffer-5.1.2.tgz",
					"integrity": "sha512-Gd2UZBJDkXlY7GbJxfsE8/nvKkUEU1G38c1siN6QP6a9PT9MmHB8GnpscSmMJSoF8LOIrt8ud/wPtojys4G6+g=="
				}
			}
		},
		"finalhandler": {
			"version": "1.1.2",
			"resolved": "https://registry.npmjs.org/finalhandler/-/finalhandler-1.1.2.tgz",
			"integrity": "sha512-aAWcW57uxVNrQZqFXjITpW3sIUQmHGG3qSb9mUah9MgMC4NeWhNOlNjXEYq3HjRAvL6arUviZGGJsBg6z0zsWA==",
			"requires": {
				"debug": "2.6.9",
				"encodeurl": "~1.0.2",
				"escape-html": "~1.0.3",
				"on-finished": "~2.3.0",
				"parseurl": "~1.3.3",
				"statuses": "~1.5.0",
				"unpipe": "~1.0.0"
			}
		},
		"form-data": {
			"version": "4.0.0",
			"resolved": "https://registry.npmjs.org/form-data/-/form-data-4.0.0.tgz",
			"integrity": "sha512-ETEklSGi5t0QMZuiXoA/Q6vcnxcLQP5vdugSpuAyi6SVGi2clPPp+xgEhuMaHC+zGgn31Kd235W35f7Hykkaww==",
			"requires": {
				"asynckit": "^0.4.0",
				"combined-stream": "^1.0.8",
				"mime-types": "^2.1.12"
			}
		},
		"forwarded": {
			"version": "0.1.2",
			"resolved": "https://registry.npmjs.org/forwarded/-/forwarded-0.1.2.tgz",
			"integrity": "sha1-mMI9qxF1ZXuMBXPozszZGw/xjIQ="
		},
		"fraction.js": {
			"version": "4.0.13",
			"resolved": "https://registry.npmjs.org/fraction.js/-/fraction.js-4.0.13.tgz",
			"integrity": "sha512-E1fz2Xs9ltlUp+qbiyx9wmt2n9dRzPsS11Jtdb8D2o+cC7wr9xkkKsVKJuBX0ST+LVS+LhLO+SbLJNtfWcJvXA=="
		},
		"fresh": {
			"version": "0.5.2",
			"resolved": "https://registry.npmjs.org/fresh/-/fresh-0.5.2.tgz",
			"integrity": "sha1-PYyt2Q2XZWn6g1qx+OSyOhBWBac="
		},
		"fs.realpath": {
			"version": "1.0.0",
			"resolved": "https://registry.npmjs.org/fs.realpath/-/fs.realpath-1.0.0.tgz",
			"integrity": "sha1-FQStJSMVjKpA20onh8sBQRmU6k8="
		},
		"get-stream": {
			"version": "5.2.0",
			"resolved": "https://registry.npmjs.org/get-stream/-/get-stream-5.2.0.tgz",
			"integrity": "sha512-nBF+F1rAZVCu/p7rjzgA+Yb4lfYXrpl7a6VmJrU8wF9I1CKvP/QwPNZHnOlwbTkY6dvtFIzFMSyQXbLoTQPRpA==",
			"requires": {
				"pump": "^3.0.0"
			}
		},
		"glob": {
			"version": "7.1.6",
			"resolved": "https://registry.npmjs.org/glob/-/glob-7.1.6.tgz",
			"integrity": "sha512-LwaxwyZ72Lk7vZINtNNrywX0ZuLyStrdDtabefZKAY5ZGJhVtgdznluResxNmPitE0SAO+O26sWTHeKSI2wMBA==",
			"requires": {
				"fs.realpath": "^1.0.0",
				"inflight": "^1.0.4",
				"inherits": "2",
				"minimatch": "^3.0.4",
				"once": "^1.3.0",
				"path-is-absolute": "^1.0.0"
			}
		},
		"got": {
			"version": "11.8.2",
			"resolved": "https://registry.npmjs.org/got/-/got-11.8.2.tgz",
			"integrity": "sha512-D0QywKgIe30ODs+fm8wMZiAcZjypcCodPNuMz5H9Mny7RJ+IjJ10BdmGW7OM7fHXP+O7r6ZwapQ/YQmMSvB0UQ==",
			"requires": {
				"@sindresorhus/is": "^4.0.0",
				"@szmarczak/http-timer": "^4.0.5",
				"@types/cacheable-request": "^6.0.1",
				"@types/responselike": "^1.0.0",
				"cacheable-lookup": "^5.0.3",
				"cacheable-request": "^7.0.1",
				"decompress-response": "^6.0.0",
				"http2-wrapper": "^1.0.0-beta.5.2",
				"lowercase-keys": "^2.0.0",
				"p-cancelable": "^2.0.0",
				"responselike": "^2.0.0"
			}
		},
		"has-binary2": {
			"version": "1.0.2",
			"resolved": "https://registry.npmjs.org/has-binary2/-/has-binary2-1.0.2.tgz",
			"integrity": "sha1-6D26SfC5vk0CbSc2U1DZ8D9Uvpg=",
			"requires": {
				"isarray": "2.0.1"
			}
		},
		"has-cors": {
			"version": "1.1.0",
			"resolved": "https://registry.npmjs.org/has-cors/-/has-cors-1.1.0.tgz",
			"integrity": "sha1-XkdHk/fqmEPRu5nCPu9J/xJv/zk="
		},
		"has-symbols": {
			"version": "1.0.1",
			"resolved": "https://registry.npmjs.org/has-symbols/-/has-symbols-1.0.1.tgz",
			"integrity": "sha512-PLcsoqu++dmEIZB+6totNFKq/7Do+Z0u4oT0zKOJNl3lYK6vGwwu2hjHs+68OEZbTjiUE9bgOABXbP/GvrS0Kg=="
		},
		"http-cache-semantics": {
			"version": "4.1.0",
			"resolved": "https://registry.npmjs.org/http-cache-semantics/-/http-cache-semantics-4.1.0.tgz",
			"integrity": "sha512-carPklcUh7ROWRK7Cv27RPtdhYhUsela/ue5/jKzjegVvXDqM2ILE9Q2BGn9JZJh1g87cp56su/FgQSzcWS8cQ=="
		},
		"http-errors": {
			"version": "1.7.2",
			"resolved": "https://registry.npmjs.org/http-errors/-/http-errors-1.7.2.tgz",
			"integrity": "sha512-uUQBt3H/cSIVfch6i1EuPNy/YsRSOUBXTVfZ+yR7Zjez3qjBz6i9+i4zjNaoqcoFVI4lQJ5plg63TvGfRSDCRg==",
			"requires": {
				"depd": "~1.1.2",
				"inherits": "2.0.3",
				"setprototypeof": "1.1.1",
				"statuses": ">= 1.5.0 < 2",
				"toidentifier": "1.0.0"
			},
			"dependencies": {
				"inherits": {
					"version": "2.0.3",
					"resolved": "https://registry.npmjs.org/inherits/-/inherits-2.0.3.tgz",
					"integrity": "sha1-Yzwsg+PaQqUC9SRmAiSA9CCCYd4="
				}
			}
		},
		"http2-wrapper": {
			"version": "1.0.3",
			"resolved": "https://registry.npmjs.org/http2-wrapper/-/http2-wrapper-1.0.3.tgz",
			"integrity": "sha512-V+23sDMr12Wnz7iTcDeJr3O6AIxlnvT/bmaAAAP/Xda35C90p9599p0F1eHR/N1KILWSoWVAiOMFjBBXaXSMxg==",
			"requires": {
				"quick-lru": "^5.1.1",
				"resolve-alpn": "^1.0.0"
			}
		},
		"iconv-lite": {
			"version": "0.4.24",
			"resolved": "https://registry.npmjs.org/iconv-lite/-/iconv-lite-0.4.24.tgz",
			"integrity": "sha512-v3MXnZAcvnywkTUEZomIActle7RXXeedOR31wwl7VlyoXO4Qi9arvSenNQWne1TcRwhCL1HwLI21bEqdpj8/rA==",
			"requires": {
				"safer-buffer": ">= 2.1.2 < 3"
			}
		},
		"imgur": {
			"version": "0.3.2",
			"resolved": "https://registry.npmjs.org/imgur/-/imgur-0.3.2.tgz",
			"integrity": "sha512-v5GxgH9r/xgF3Oj48qyxDKztdSGPM/4TOvusw8/CIWbtSHKQcjmgf2u6DyJh5/DX+KdXnt/q5HkW2ZKDj8yJEg==",
			"requires": {
				"commander": "^2.3.0",
				"form-data": "^4.0.0",
				"glob": "^7.1.2",
				"got": "^11.8.1",
				"q": "^1.0.1"
			}
		},
		"indexof": {
			"version": "0.0.1",
			"resolved": "https://registry.npmjs.org/indexof/-/indexof-0.0.1.tgz",
			"integrity": "sha1-gtwzbSMrkGIXnQWrMpOmYFn9Q10="
		},
		"inflight": {
			"version": "1.0.6",
			"resolved": "https://registry.npmjs.org/inflight/-/inflight-1.0.6.tgz",
			"integrity": "sha1-Sb1jMdfQLQwJvJEKEHW6gWW1bfk=",
			"requires": {
				"once": "^1.3.0",
				"wrappy": "1"
			}
		},
		"inherits": {
			"version": "2.0.4",
			"resolved": "https://registry.npmjs.org/inherits/-/inherits-2.0.4.tgz",
			"integrity": "sha512-k/vGaX4/Yla3WzyMCvTQOXYeIHvqOKtnqBduzTHpzpQZzAskKMhZ2K+EnBiSM9zGSoIFeMpXKxa4dYeZIQqewQ=="
		},
		"ipaddr.js": {
			"version": "1.9.1",
			"resolved": "https://registry.npmjs.org/ipaddr.js/-/ipaddr.js-1.9.1.tgz",
			"integrity": "sha512-0KI/607xoxSToH7GjN1FfSbLoU0+btTicjsQSWQlh/hZykN8KpmMf7uYwPW3R+akZ6R/w18ZlXSHBYXiYUPO3g=="
		},
		"is-function": {
			"version": "1.0.2",
			"resolved": "https://registry.npmjs.org/is-function/-/is-function-1.0.2.tgz",
			"integrity": "sha512-lw7DUp0aWXYg+CBCN+JKkcE0Q2RayZnSvnZBlwgxHBQhqt5pZNVy4Ri7H9GmmXkdu7LUthszM+Tor1u/2iBcpQ=="
		},
		"is-nil": {
			"version": "1.0.1",
			"resolved": "https://registry.npmjs.org/is-nil/-/is-nil-1.0.1.tgz",
			"integrity": "sha1-LauingtYUGOHXntTnQcfWxWTeWk="
		},
		"is-object": {
			"version": "1.0.1",
			"resolved": "https://registry.npmjs.org/is-object/-/is-object-1.0.1.tgz",
			"integrity": "sha1-iVJojF7C/9awPsyF52ngKQMINHA="
		},
		"is-symbol": {
			"version": "1.0.3",
			"resolved": "https://registry.npmjs.org/is-symbol/-/is-symbol-1.0.3.tgz",
			"integrity": "sha512-OwijhaRSgqvhm/0ZdAcXNZt9lYdKFpcRDT5ULUuYXPoT794UNOdU+gpT6Rzo7b4V2HUl/op6GqY894AZwv9faQ==",
			"requires": {
				"has-symbols": "^1.0.1"
			}
		},
		"isarray": {
			"version": "2.0.1",
			"resolved": "https://registry.npmjs.org/isarray/-/isarray-2.0.1.tgz",
			"integrity": "sha1-o32U7ZzaLVmGXJ92/llu4fM4dB4="
		},
		"javascript-natural-sort": {
			"version": "0.7.1",
			"resolved": "https://registry.npmjs.org/javascript-natural-sort/-/javascript-natural-sort-0.7.1.tgz",
			"integrity": "sha1-+eIwPUUH9tdDVac2ZNFED7Wg71k="
		},
		"json-buffer": {
			"version": "3.0.1",
			"resolved": "https://registry.npmjs.org/json-buffer/-/json-buffer-3.0.1.tgz",
			"integrity": "sha512-4bV5BfR2mqfQTJm+V5tPPdf+ZpuhiIvTuAB5g8kcrXOZpTT/QwwVRWBywX1ozr6lEuPdbHxwaJlm9G6mI2sfSQ=="
		},
		"keyv": {
			"version": "4.0.3",
			"resolved": "https://registry.npmjs.org/keyv/-/keyv-4.0.3.tgz",
			"integrity": "sha512-zdGa2TOpSZPq5mU6iowDARnMBZgtCqJ11dJROFi6tg6kTn4nuUdU09lFyLFSaHrWqpIJ+EBq4E8/Dc0Vx5vLdA==",
			"requires": {
				"json-buffer": "3.0.1"
			}
		},
		"lodash": {
			"version": "4.17.19",
			"resolved": "https://registry.npmjs.org/lodash/-/lodash-4.17.19.tgz",
			"integrity": "sha512-JNvd8XER9GQX0v2qJgsaN/mzFCNA5BRe/j8JN9d+tWyGLSodKQHKFicdwNYzWwI3wjRnaKPsGj1XkBjx/F96DQ=="
		},
		"lowercase-keys": {
			"version": "2.0.0",
			"resolved": "https://registry.npmjs.org/lowercase-keys/-/lowercase-keys-2.0.0.tgz",
			"integrity": "sha512-tqNXrS78oMOE73NMxK4EMLQsQowWf8jKooH9g7xPavRT706R6bkQJ6DY2Te7QukaZsulxa30wQ7bk0pm4XiHmA=="
		},
		"mathjs": {
			"version": "7.5.1",
			"resolved": "https://registry.npmjs.org/mathjs/-/mathjs-7.5.1.tgz",
			"integrity": "sha512-H2q/Dq0qxBLMw+G84SSXmGqo/znihuxviGgAQwAcyeFLwK2HksvSGNx4f3dllZF51bWOnu2op60VZxH2Sb51Pw==",
			"requires": {
				"complex.js": "^2.0.11",
				"decimal.js": "^10.2.1",
				"escape-latex": "^1.2.0",
				"fraction.js": "^4.0.12",
				"javascript-natural-sort": "^0.7.1",
				"seed-random": "^2.2.0",
				"tiny-emitter": "^2.1.0",
				"typed-function": "^2.0.0"
			}
		},
		"max-safe-int": {
			"version": "1.0.0",
			"resolved": "https://registry.npmjs.org/max-safe-int/-/max-safe-int-1.0.0.tgz",
			"integrity": "sha1-RPuo7Jk97ZH7LFo15xz5yfNpzlI="
		},
		"media-typer": {
			"version": "0.3.0",
			"resolved": "https://registry.npmjs.org/media-typer/-/media-typer-0.3.0.tgz",
			"integrity": "sha1-hxDXrwqmJvj/+hzgAWhUUmMlV0g="
		},
		"merge-descriptors": {
			"version": "1.0.1",
			"resolved": "https://registry.npmjs.org/merge-descriptors/-/merge-descriptors-1.0.1.tgz",
			"integrity": "sha1-sAqqVW3YtEVoFQ7J0blT8/kMu2E="
		},
		"methods": {
			"version": "1.1.2",
			"resolved": "https://registry.npmjs.org/methods/-/methods-1.1.2.tgz",
			"integrity": "sha1-VSmk1nZUE07cxSZmVoNbD4Ua/O4="
		},
		"mime": {
			"version": "1.6.0",
			"resolved": "https://registry.npmjs.org/mime/-/mime-1.6.0.tgz",
			"integrity": "sha512-x0Vn8spI+wuJ1O6S7gnbaQg8Pxh4NNHb7KSINmEWKiPE4RKOplvijn+NkmYmmRgP68mc70j2EbeTFRsrswaQeg=="
		},
		"mime-db": {
			"version": "1.46.0",
			"resolved": "https://registry.npmjs.org/mime-db/-/mime-db-1.46.0.tgz",
			"integrity": "sha512-svXaP8UQRZ5K7or+ZmfNhg2xX3yKDMUzqadsSqi4NCH/KomcH75MAMYAGVlvXn4+b/xOPhS3I2uHKRUzvjY7BQ=="
		},
		"mime-types": {
			"version": "2.1.29",
			"resolved": "https://registry.npmjs.org/mime-types/-/mime-types-2.1.29.tgz",
			"integrity": "sha512-Y/jMt/S5sR9OaqteJtslsFZKWOIIqMACsJSiHghlCAyhf7jfVYjKBmLiX8OgpWeW+fjJ2b+Az69aPFPkUOY6xQ==",
			"requires": {
				"mime-db": "1.46.0"
			}
		},
		"mimic-response": {
			"version": "1.0.1",
			"resolved": "https://registry.npmjs.org/mimic-response/-/mimic-response-1.0.1.tgz",
			"integrity": "sha512-j5EctnkH7amfV/q5Hgmoal1g2QHFJRraOtmx0JpIqkxhBhI/lJSl1nMpQ45hVarwNETOoWEimndZ4QK0RHxuxQ=="
		},
		"minimatch": {
			"version": "3.0.4",
			"resolved": "https://registry.npmjs.org/minimatch/-/minimatch-3.0.4.tgz",
			"integrity": "sha512-yJHVQEhyqPLUTgt9B83PXu6W3rx4MvvHvSUvToogpwoGDOUQ+yDrR0HRot+yOCdCO7u4hX3pWft6kWBBcqh0UA==",
			"requires": {
				"brace-expansion": "^1.1.7"
			}
		},
		"ms": {
			"version": "2.0.0",
			"resolved": "https://registry.npmjs.org/ms/-/ms-2.0.0.tgz",
			"integrity": "sha1-VgiurfwAvmwpAd9fmGF4jeDVl8g="
		},
		"natural": {
			"version": "0.1.29",
			"resolved": "https://registry.npmjs.org/natural/-/natural-0.1.29.tgz",
			"integrity": "sha1-WaN6bNhtVekEtlbTudpD/S3J4Eo=",
			"requires": {
				"apparatus": ">= 0.0.6",
				"sylvester": ">= 0.0.12",
				"underscore": ">=1.3.1"
			}
		},
		"negotiator": {
			"version": "0.6.2",
			"resolved": "https://registry.npmjs.org/negotiator/-/negotiator-0.6.2.tgz",
			"integrity": "sha512-hZXc7K2e+PgeI1eDBe/10Ard4ekbfrrqG8Ep+8Jmf4JID2bNg7NvCPOZN+kfF574pFQI7mum2AUqDidoKqcTOw=="
		},
		"node-fetch": {
			"version": "2.6.1",
			"resolved": "https://registry.npmjs.org/node-fetch/-/node-fetch-2.6.1.tgz",
			"integrity": "sha512-V4aYg89jEoVRxRb2fJdAg8FHvI7cEyYdVAh94HH0UIK8oJxUfkjlDQN9RbMx+bEjP7+ggMiFRprSti032Oipxw=="
		},
		"normalize-url": {
			"version": "4.5.0",
			"resolved": "https://registry.npmjs.org/normalize-url/-/normalize-url-4.5.0.tgz",
			"integrity": "sha512-2s47yzUxdexf1OhyRi4Em83iQk0aPvwTddtFz4hnSSw9dCEsLEGf6SwIO8ss/19S9iBb5sJaOuTvTGDeZI00BQ=="
		},
		"object-component": {
			"version": "0.0.3",
			"resolved": "https://registry.npmjs.org/object-component/-/object-component-0.0.3.tgz",
			"integrity": "sha1-8MaapQ78lbhmwYb0AKM3acsvEpE="
		},
		"on-finished": {
			"version": "2.3.0",
			"resolved": "https://registry.npmjs.org/on-finished/-/on-finished-2.3.0.tgz",
			"integrity": "sha1-IPEzZIGwg811M3mSoWlxqi2QaUc=",
			"requires": {
				"ee-first": "1.1.1"
			}
		},
		"once": {
			"version": "1.4.0",
			"resolved": "https://registry.npmjs.org/once/-/once-1.4.0.tgz",
			"integrity": "sha1-WDsap3WWHUsROsF9nFC6753Xa9E=",
			"requires": {
				"wrappy": "1"
			}
		},
		"p-cancelable": {
			"version": "2.0.0",
			"resolved": "https://registry.npmjs.org/p-cancelable/-/p-cancelable-2.0.0.tgz",
			"integrity": "sha512-wvPXDmbMmu2ksjkB4Z3nZWTSkJEb9lqVdMaCKpZUGJG9TMiNp9XcbG3fn9fPKjem04fJMJnXoyFPk2FmgiaiNg=="
		},
		"parseqs": {
			"version": "0.0.5",
			"resolved": "https://registry.npmjs.org/parseqs/-/parseqs-0.0.5.tgz",
			"integrity": "sha1-1SCKNzjkZ2bikbouoXNoSSGouJ0=",
			"requires": {
				"better-assert": "~1.0.0"
			}
		},
		"parseuri": {
			"version": "0.0.5",
			"resolved": "https://registry.npmjs.org/parseuri/-/parseuri-0.0.5.tgz",
			"integrity": "sha1-gCBKUNTbt3m/3G6+J3jZDkvOMgo=",
			"requires": {
				"better-assert": "~1.0.0"
			}
		},
		"parseurl": {
			"version": "1.3.3",
			"resolved": "https://registry.npmjs.org/parseurl/-/parseurl-1.3.3.tgz",
			"integrity": "sha512-CiyeOxFT/JZyN5m0z9PfXw4SCBJ6Sygz1Dpl0wqjlhDEGGBP1GnsUVEL0p63hoG1fcj3fHynXi9NYO4nWOL+qQ=="
		},
		"path-is-absolute": {
			"version": "1.0.1",
			"resolved": "https://registry.npmjs.org/path-is-absolute/-/path-is-absolute-1.0.1.tgz",
			"integrity": "sha1-F0uSaHNVNP+8es5r9TpanhtcX18="
		},
		"path-to-regexp": {
			"version": "0.1.7",
			"resolved": "https://registry.npmjs.org/path-to-regexp/-/path-to-regexp-0.1.7.tgz",
			"integrity": "sha1-32BBeABfUi8V60SQ5yR6G/qmf4w="
		},
		"prng-well1024a": {
			"version": "1.0.1",
			"resolved": "https://registry.npmjs.org/prng-well1024a/-/prng-well1024a-1.0.1.tgz",
			"integrity": "sha1-Bejtkj5OorP3ivXulPBWtNXPqyQ="
		},
		"proxy-addr": {
			"version": "2.0.6",
			"resolved": "https://registry.npmjs.org/proxy-addr/-/proxy-addr-2.0.6.tgz",
			"integrity": "sha512-dh/frvCBVmSsDYzw6n926jv974gddhkFPfiN8hPOi30Wax25QZyZEGveluCgliBnqmuM+UJmBErbAUFIoDbjOw==",
			"requires": {
				"forwarded": "~0.1.2",
				"ipaddr.js": "1.9.1"
			}
		},
		"pump": {
			"version": "3.0.0",
			"resolved": "https://registry.npmjs.org/pump/-/pump-3.0.0.tgz",
			"integrity": "sha512-LwZy+p3SFs1Pytd/jYct4wpv49HiYCqd9Rlc5ZVdk0V+8Yzv6jR5Blk3TRmPL1ft69TxP0IMZGJ+WPFU2BFhww==",
			"requires": {
				"end-of-stream": "^1.1.0",
				"once": "^1.3.1"
			}
		},
		"q": {
			"version": "1.5.1",
			"resolved": "https://registry.npmjs.org/q/-/q-1.5.1.tgz",
			"integrity": "sha1-fjL3W0E4EpHQRhHxvxQQmsAGUdc="
		},
		"qs": {
			"version": "6.7.0",
			"resolved": "https://registry.npmjs.org/qs/-/qs-6.7.0.tgz",
			"integrity": "sha512-VCdBRNFTX1fyE7Nb6FYoURo/SPe62QCaAyzJvUjwRaIsc+NePBEniHlvxFmmX56+HZphIGtV0XeCirBtpDrTyQ=="
		},
		"quick-lru": {
			"version": "5.1.1",
			"resolved": "https://registry.npmjs.org/quick-lru/-/quick-lru-5.1.1.tgz",
			"integrity": "sha512-WuyALRjWPDGtt/wzJiadO5AXY+8hZ80hVpe6MyivgraREW751X3SbhRvG3eLKOYN+8VEvqLcf3wdnt44Z4S4SA=="
		},
		"random-char": {
			"version": "1.0.4",
			"resolved": "https://registry.npmjs.org/random-char/-/random-char-1.0.4.tgz",
			"integrity": "sha1-X+LJUTTK/MXXvI9Ggx3Db9u9XGY=",
			"requires": {
				"is-nil": "^1.0.1",
				"is-object": "^1.0.1",
				"random-natural": "^1.0.3",
				"to-str": "^1.0.0"
			}
		},
		"random-integral": {
			"version": "1.0.3",
			"resolved": "https://registry.npmjs.org/random-integral/-/random-integral-1.0.3.tgz",
			"integrity": "sha1-j/PBF1ZcmgS2bd1VnzrtKb0PD2w=",
			"requires": {
				"clamp": "^1.0.1",
				"max-safe-int": "^1.0.0",
				"to-integer": "^1.0.1"
			}
		},
		"random-lorem": {
			"version": "1.0.4",
			"resolved": "https://registry.npmjs.org/random-lorem/-/random-lorem-1.0.4.tgz",
			"integrity": "sha1-/UFERTeVS7XDM7PI76gw1GVYYVI=",
			"requires": {
				"clamp": "^1.0.1",
				"random-char": "^1.0.4",
				"random-natural": "^1.0.3",
				"random-syllable": "^1.0.1"
			}
		},
		"random-natural": {
			"version": "1.0.3",
			"resolved": "https://registry.npmjs.org/random-natural/-/random-natural-1.0.3.tgz",
			"integrity": "sha1-7yhhWwPCy3Gq6/fyT0hyZqRDxcA=",
			"requires": {
				"max-safe-int": "^1.0.0",
				"random-integral": "^1.0.3"
			}
		},
		"random-sentence": {
			"version": "1.0.4",
			"resolved": "https://registry.npmjs.org/random-sentence/-/random-sentence-1.0.4.tgz",
			"integrity": "sha1-SX9j38NiSbQ44ZSS7i3w9ONj6ZY=",
			"requires": {
				"clamp": "^1.0.1",
				"random-lorem": "^1.0.4",
				"random-natural": "^1.0.3"
			}
		},
		"random-syllable": {
			"version": "1.0.1",
			"resolved": "https://registry.npmjs.org/random-syllable/-/random-syllable-1.0.1.tgz",
			"integrity": "sha1-VJn7uocri/UqrUNBw+wxjbs8SfY=",
			"requires": {
				"clamp": "^1.0.1",
				"is-object": "^1.0.1",
				"random-char": "^1.0.4",
				"random-natural": "^1.0.3",
				"to-integer": "^1.0.1"
			}
		},
		"randy": {
			"version": "1.5.1",
			"resolved": "https://registry.npmjs.org/randy/-/randy-1.5.1.tgz",
			"integrity": "sha1-59wIag7Li+99ZzVmQs0qM/liRlw=",
			"requires": {
				"prng-well1024a": "~1.0.0"
			}
		},
		"range-parser": {
			"version": "1.2.1",
			"resolved": "https://registry.npmjs.org/range-parser/-/range-parser-1.2.1.tgz",
			"integrity": "sha512-Hrgsx+orqoygnmhFbKaHE6c296J+HTAQXoxEF6gNupROmmGJRoyzfG3ccAveqCBrwr/2yxQ5BVd/GTl5agOwSg=="
		},
		"raw-body": {
			"version": "2.4.0",
			"resolved": "https://registry.npmjs.org/raw-body/-/raw-body-2.4.0.tgz",
			"integrity": "sha512-4Oz8DUIwdvoa5qMJelxipzi/iJIi40O5cGV1wNYp5hvZP8ZN0T+jiNkL0QepXs+EsQ9XJ8ipEDoiH70ySUJP3Q==",
			"requires": {
				"bytes": "3.1.0",
				"http-errors": "1.7.2",
				"iconv-lite": "0.4.24",
				"unpipe": "1.0.0"
			}
		},
		"resolve-alpn": {
			"version": "1.0.0",
			"resolved": "https://registry.npmjs.org/resolve-alpn/-/resolve-alpn-1.0.0.tgz",
			"integrity": "sha512-rTuiIEqFmGxne4IovivKSDzld2lWW9QCjqv80SYjPgf+gS35eaCAjaP54CCwGAwBtnCsvNLYtqxe1Nw+i6JEmA=="
		},
		"responselike": {
			"version": "2.0.0",
			"resolved": "https://registry.npmjs.org/responselike/-/responselike-2.0.0.tgz",
			"integrity": "sha512-xH48u3FTB9VsZw7R+vvgaKeLKzT6jOogbQhEe/jewwnZgzPcnyWui2Av6JpoYZF/91uueC+lqhWqeURw5/qhCw==",
			"requires": {
				"lowercase-keys": "^2.0.0"
			}
		},
		"safe-buffer": {
			"version": "5.1.1",
			"resolved": "https://registry.npmjs.org/safe-buffer/-/safe-buffer-5.1.1.tgz",
			"integrity": "sha1-iTMSr2myEj3vcfV4iQAWce6yyFM="
		},
		"safer-buffer": {
			"version": "2.1.2",
			"resolved": "https://registry.npmjs.org/safer-buffer/-/safer-buffer-2.1.2.tgz",
			"integrity": "sha512-YZo3K82SD7Riyi0E1EQPojLz7kpepnSQI9IyPbHHg1XXXevb5dJI7tpyN2ADxGcQbHG7vcyRHk0cbwqcQriUtg=="
		},
		"seed-random": {
			"version": "2.2.0",
			"resolved": "https://registry.npmjs.org/seed-random/-/seed-random-2.2.0.tgz",
			"integrity": "sha1-KpsZ4lCoFwmSMaW5mk2vgLf77VQ="
		},
		"send": {
			"version": "0.17.1",
			"resolved": "https://registry.npmjs.org/send/-/send-0.17.1.tgz",
			"integrity": "sha512-BsVKsiGcQMFwT8UxypobUKyv7irCNRHk1T0G680vk88yf6LBByGcZJOTJCrTP2xVN6yI+XjPJcNuE3V4fT9sAg==",
			"requires": {
				"debug": "2.6.9",
				"depd": "~1.1.2",
				"destroy": "~1.0.4",
				"encodeurl": "~1.0.2",
				"escape-html": "~1.0.3",
				"etag": "~1.8.1",
				"fresh": "0.5.2",
				"http-errors": "~1.7.2",
				"mime": "1.6.0",
				"ms": "2.1.1",
				"on-finished": "~2.3.0",
				"range-parser": "~1.2.1",
				"statuses": "~1.5.0"
			},
			"dependencies": {
				"ms": {
					"version": "2.1.1",
					"resolved": "https://registry.npmjs.org/ms/-/ms-2.1.1.tgz",
					"integrity": "sha512-tgp+dl5cGk28utYktBsrFqA7HKgrhgPsg6Z/EfhWI4gl1Hwq8B/GmY/0oXZ6nF8hDVesS/FpnYaD/kOWhYQvyg=="
				}
			}
		},
		"sentencer": {
			"version": "0.2.1",
			"resolved": "https://registry.npmjs.org/sentencer/-/sentencer-0.2.1.tgz",
			"integrity": "sha512-hDLHIc7DTdZASPJhL2IZChmUq9tTUsOaAlK2kNPYI9KSdrPeqNZfjJfTCEoqcR/IlLlIfngi7Wkx/KLPqqNtyQ==",
			"requires": {
				"articles": "~0.2.1",
				"lodash": "^4.17.11",
				"natural": "~0.1.28",
				"randy": "~1.5.1"
			}
		},
		"serve-static": {
			"version": "1.14.1",
			"resolved": "https://registry.npmjs.org/serve-static/-/serve-static-1.14.1.tgz",
			"integrity": "sha512-JMrvUwE54emCYWlTI+hGrGv5I8dEwmco/00EvkzIIsR7MqrHonbD9pO2MOfFnpFntl7ecpZs+3mW+XbQZu9QCg==",
			"requires": {
				"encodeurl": "~1.0.2",
				"escape-html": "~1.0.3",
				"parseurl": "~1.3.3",
				"send": "0.17.1"
			}
		},
		"setprototypeof": {
			"version": "1.1.1",
			"resolved": "https://registry.npmjs.org/setprototypeof/-/setprototypeof-1.1.1.tgz",
			"integrity": "sha512-JvdAWfbXeIGaZ9cILp38HntZSFSo3mWg6xGcJJsd+d4aRMOqauag1C63dJfDw7OaMYwEbHMOxEZ1lqVRYP2OAw=="
		},
		"socket.io-client": {
			"version": "2.0.4",
			"resolved": "https://registry.npmjs.org/socket.io-client/-/socket.io-client-2.0.4.tgz",
			"integrity": "sha1-CRilUkBtxeVAs4Dc2Xr8SmQzL44=",
			"requires": {
				"backo2": "1.0.2",
				"base64-arraybuffer": "0.1.5",
				"component-bind": "1.0.0",
				"component-emitter": "1.2.1",
				"debug": "~2.6.4",
				"engine.io-client": "~3.1.0",
				"has-cors": "1.1.0",
				"indexof": "0.0.1",
				"object-component": "0.0.3",
				"parseqs": "0.0.5",
				"parseuri": "0.0.5",
				"socket.io-parser": "~3.1.1",
				"to-array": "0.1.4"
			}
		},
		"socket.io-parser": {
			"version": "3.1.2",
			"resolved": "https://registry.npmjs.org/socket.io-parser/-/socket.io-parser-3.1.2.tgz",
			"integrity": "sha1-28IoIVH8T6675Aru3Ady66YZ9/I=",
			"requires": {
				"component-emitter": "1.2.1",
				"debug": "~2.6.4",
				"has-binary2": "~1.0.2",
				"isarray": "2.0.1"
			}
		},
		"statuses": {
			"version": "1.5.0",
			"resolved": "https://registry.npmjs.org/statuses/-/statuses-1.5.0.tgz",
			"integrity": "sha1-Fhx9rBd2Wf2YEfQ3cfqZOBR4Yow="
		},
		"sylvester": {
			"version": "0.0.21",
			"resolved": "https://registry.npmjs.org/sylvester/-/sylvester-0.0.21.tgz",
			"integrity": "sha1-KYexzivS84sNzio0OIiEv6RADqc="
		},
		"tiny-emitter": {
			"version": "2.1.0",
			"resolved": "https://registry.npmjs.org/tiny-emitter/-/tiny-emitter-2.1.0.tgz",
			"integrity": "sha512-NB6Dk1A9xgQPMoGqC5CVXn123gWyte215ONT5Pp5a0yt4nlEoO1ZWeCwpncaekPHXO60i47ihFnZPiRPjRMq4Q=="
		},
		"to-array": {
			"version": "0.1.4",
			"resolved": "https://registry.npmjs.org/to-array/-/to-array-0.1.4.tgz",
			"integrity": "sha1-F+bBH3PdTz10zaek/zI46a2b+JA="
		},
		"to-integer": {
			"version": "1.0.1",
			"resolved": "https://registry.npmjs.org/to-integer/-/to-integer-1.0.1.tgz",
			"integrity": "sha1-URrUHc5qk3MKjztuNaFk/YKUZNo=",
			"requires": {
				"is-function": "^1.0.1",
				"is-nil": "^1.0.0",
				"is-object": "^1.0.1",
				"is-symbol": "^1.0.1"
			}
		},
		"to-str": {
			"version": "1.0.0",
			"resolved": "https://registry.npmjs.org/to-str/-/to-str-1.0.0.tgz",
			"integrity": "sha1-kDQkj1b0OYBMH9RaPL6Bley2CPE=",
			"requires": {
				"is-function": "^1.0.1",
				"is-nil": "^1.0.0",
				"is-object": "^1.0.1",
				"is-symbol": "^1.0.1"
			}
		},
		"toidentifier": {
			"version": "1.0.0",
			"resolved": "https://registry.npmjs.org/toidentifier/-/toidentifier-1.0.0.tgz",
			"integrity": "sha512-yaOH/Pk/VEhBWWTlhI+qXxDFXlejDGcQipMlyxda9nthulaxLZUNcUqFxokp0vcYnvteJln5FNQDRrxj3YcbVw=="
		},
		"type-is": {
			"version": "1.6.18",
			"resolved": "https://registry.npmjs.org/type-is/-/type-is-1.6.18.tgz",
			"integrity": "sha512-TkRKr9sUTxEH8MdfuCSP7VizJyzRNMjj2J2do2Jr3Kym598JVdEksuzPQCnlFPW4ky9Q+iA+ma9BGm06XQBy8g==",
			"requires": {
				"media-typer": "0.3.0",
				"mime-types": "~2.1.24"
			}
		},
		"typed-function": {
			"version": "2.0.0",
			"resolved": "https://registry.npmjs.org/typed-function/-/typed-function-2.0.0.tgz",
			"integrity": "sha512-Hhy1Iwo/e4AtLZNK10ewVVcP2UEs408DS35ubP825w/YgSBK1KVLwALvvIG4yX75QJrxjCpcWkzkVRB0BwwYlA=="
		},
		"ultron": {
			"version": "1.1.1",
			"resolved": "https://registry.npmjs.org/ultron/-/ultron-1.1.1.tgz",
			"integrity": "sha1-n+FTahCmZKZSZqHjzPhf02MCvJw="
		},
		"underscore": {
			"version": "1.10.2",
			"resolved": "https://registry.npmjs.org/underscore/-/underscore-1.10.2.tgz",
			"integrity": "sha512-N4P+Q/BuyuEKFJ43B9gYuOj4TQUHXX+j2FqguVOpjkssLUUrnJofCcBccJSCoeturDoZU6GorDTHSvUDlSQbTg=="
		},
		"unpipe": {
			"version": "1.0.0",
			"resolved": "https://registry.npmjs.org/unpipe/-/unpipe-1.0.0.tgz",
			"integrity": "sha1-sr9O6FFKrmFltIF4KdIbLvSZBOw="
		},
		"utils-merge": {
			"version": "1.0.1",
			"resolved": "https://registry.npmjs.org/utils-merge/-/utils-merge-1.0.1.tgz",
			"integrity": "sha1-n5VxD1CiZ5R7LMwSR0HBAoQn5xM="
		},
		"vary": {
			"version": "1.1.2",
			"resolved": "https://registry.npmjs.org/vary/-/vary-1.1.2.tgz",
			"integrity": "sha1-IpnwLG3tMNSllhsLn3RSShj2NPw="
		},
		"wrappy": {
			"version": "1.0.2",
			"resolved": "https://registry.npmjs.org/wrappy/-/wrappy-1.0.2.tgz",
			"integrity": "sha1-tSQ9jz7BqjXxNkYFvA0QNuMKtp8="
		},
		"ws": {
			"version": "3.3.3",
			"resolved": "https://registry.npmjs.org/ws/-/ws-3.3.3.tgz",
			"integrity": "sha1-8c+E/i1ekB686U767OeF8YeiKPI=",
			"requires": {
				"async-limiter": "~1.0.0",
				"safe-buffer": "~5.1.0",
				"ultron": "~1.1.0"
			}
		},
		"xmlhttprequest-ssl": {
			"version": "1.5.5",
			"resolved": "https://registry.npmjs.org/xmlhttprequest-ssl/-/xmlhttprequest-ssl-1.5.5.tgz",
			"integrity": "sha1-wodrBhaKrcQOV9l+gRkayPQ5iz4="
		},
		"yeast": {
			"version": "0.1.2",
			"resolved": "https://registry.npmjs.org/yeast/-/yeast-0.1.2.tgz",
			"integrity": "sha1-AI4G2AlDIMNy28L47XagymyKxBk="
		}
	}
}
